{
  "name": "assets",
  "version": "1.0.0",
  "lockfileVersion": 3,
  "requires": true,
  "packages": {
    "": {
      "name": "assets",
      "version": "1.0.0",
      "license": "ISC",
      "dependencies": {
        "bootstrap": "^5.3.8",
        "datatables.net": "^2.3.8",
        "datatables.net-bs4": "^2.3.8",
        "dropify": "^0.2.2",
        "font-awesome": "^4.7.0",
        "jquery": "^4.0.0",
        "jquery-toast-plugin": "^1.3.2",
        "morris.js": "^0.5.0",
        "raphael": "^2.3.0",
        "summernote": "^0.9.1"
      }
    },
    "node_modules/@popperjs/core": {
      "version": "2.11.8",
      "resolved": "https://registry.npmjs.org/@popperjs/core/-/core-2.11.8.tgz",
      "integrity": "sha512-P1st0aksCrn9sGZhp8GMYwBnQsbvAWsZAX44oXNNvLHGqAOcoVxmjZiohstwQ7SqKnbR47akdNi+uleWD8+g6A==",
      "license": "MIT",
      "peer": true,
      "funding": {
        "type": "opencollective",
        "url": "https://opencollective.com/popperjs"
      }
    },
    "node_modules/bootstrap": {
      "version": "5.3.8",
      "resolved": "https://registry.npmjs.org/bootstrap/-/bootstrap-5.3.8.tgz",
      "integrity": "sha512-HP1SZDqaLDPwsNiqRqi5NcP0SSXciX2s9E+RyqJIIqGo+vJeN5AJVM98CXmW/Wux0nQ5L7jeWUdplCEf0Ee+tg==",
      "funding": [
        {
          "type": "github",
          "url": "https://github.com/sponsors/twbs"
        },
        {
          "type": "opencollective",
          "url": "https://opencollective.com/bootstrap"
        }
      ],
      "license": "MIT",
      "peerDependencies": {
        "@popperjs/core": "^2.11.8"
      }
    },
    "node_modules/datatables.net": {
      "version": "2.3.8",
      "resolved": "https://registry.npmjs.org/datatables.net/-/datatables.net-2.3.8.tgz",
      "integrity": "sha512-uhViowhlDlheAuo5a8TrkQqADsjrtGeOyvrigvr4t0+K3MyAWqClORXWAYIcN9VLX6iIX0C8O9gwJNd01hITRg==",
      "license": "MIT",
      "dependencies": {
        "jquery": ">=1.7"
      }
    },
    "node_modules/datatables.net-bs4": {
      "version": "2.3.8",
      "resolved": "https://registry.npmjs.org/datatables.net-bs4/-/datatables.net-bs4-2.3.8.tgz",
      "integrity": "sha512-i65jbIw6DPG6KyUXRacCFzbawRYA2UjPg68tPkOns/r9YXQngSMQ/+izdmJk1xnPDRXh3cuTqV8cqOIy1NXH1A==",
      "license": "MIT",
      "dependencies": {
        "datatables.net": "2.3.8",
        "jquery": ">=1.7"
      }
    },
    "node_modules/dropify": {
      "version": "0.2.2",
      "resolved": "https://registry.npmjs.org/dropify/-/dropify-0.2.2.tgz",
      "integrity": "sha512-SK9IaPaRLn6/EFGKkNcly9yPSxQwpgLac7nqbDEh2PfFtY4nDH3NR6YXNG0v/sGcu9Q1/3ufuGBTCvPpVPMRLA==",
      "license": "MIT",
      "dependencies": {
        "jquery": "*"
      }
    },
    "node_modules/eve-raphael": {
      "version": "0.5.0",
      "resolved": "https://registry.npmjs.org/eve-raphael/-/eve-raphael-0.5.0.tgz",
      "integrity": "sha512-jrxnPsCGqng1UZuEp9DecX/AuSyAszATSjf4oEcRxvfxa1Oux4KkIPKBAAWWnpdwfARtr+Q0o9aPYWjsROD7ug=="
    },
    "node_modules/font-awesome": {
      "version": "4.7.0",
      "resolved": "https://registry.npmjs.org/font-awesome/-/font-awesome-4.7.0.tgz",
      "integrity": "sha512-U6kGnykA/6bFmg1M/oT9EkFeIYv7JlX3bozwQJWiiLz6L0w3F5vBVPxHlwyX/vtNq1ckcpRKOB9f2Qal/VtFpg==",
      "license": "(OFL-1.1 AND MIT)",
      "engines": {
        "node": ">=0.10.3"
      }
    },
    "node_modules/jquery": {
      "version": "4.0.0",
      "resolved": "https://registry.npmjs.org/jquery/-/jquery-4.0.0.tgz",
      "integrity": "sha512-TXCHVR3Lb6TZdtw1l3RTLf8RBWVGexdxL6AC8/e0xZKEpBflBsjh9/8LXw+dkNFuOyW9B7iB3O1sP7hS0Kiacg==",
      "license": "MIT"
    },
    "node_modules/jquery-toast-plugin": {
      "version": "1.3.2",
      "resolved": "https://registry.npmjs.org/jquery-toast-plugin/-/jquery-toast-plugin-1.3.2.tgz",
      "integrity": "sha512-0j/nfqA2FHFuJXp8QL33EVVCY//TDVfq4LULhTbasZYl2aZlX6YiSF5IGrI31dQiS9S4JkXBUfX3rMJcfl/u/g=="
    },
    "node_modules/morris.js": {
      "version": "0.5.0",
      "resolved": "https://registry.npmjs.org/morris.js/-/morris.js-0.5.0.tgz",
      "integrity": "sha512-qNJUNEcJKzsQoE1OZNzJqmxsFVsuzgN72GUAcwfe6bBl7w381IzOYorRk0jsq2zEgCXC4DYnqQdYwzKjtvU1gg==",
      "license": "BSD-2-Clause",
      "engines": {
        "node": ">=0.8 <0.11"
      }
    },
    "node_modules/raphael": {
      "version": "2.3.0",
      "resolved": "https://registry.npmjs.org/raphael/-/raphael-2.3.0.tgz",
      "integrity": "sha512-w2yIenZAQnp257XUWGni4bLMVxpUpcIl7qgxEgDIXtmSypYtlNxfXWpOBxs7LBTps5sDwhRnrToJrMUrivqNTQ==",
      "license": "MIT",
      "dependencies": {
        "eve-raphael": "0.5.0"
      }
    },
    "node_modules/summernote": {
      "version": "0.9.1",
      "resolved": "https://registry.npmjs.org/summernote/-/summernote-0.9.1.tgz",
      "integrity": "sha512-5Hfuey6+N0XIbk8ZpkGEVDmrkRVRHZWKBhw/072i9/TJLaWUKboB+KOyyd6AzDP2CQs1O6or4zRTU8HY30kt4w==",
      "license": "MIT",
      "engines": {
        "node": ">=17.0.0"
      }
    }
  }
}
